
Microsoft Visual Studio Solution File, Format Version 12.00
# Visual Studio Version 17
VisualStudioVersion = 17.4.33213.308
MinimumVisualStudioVersion = 10.0.40219.1
Project("{FAE04EC0-301F-11D3-BF4B-00C04F79EFBC}") = "MyFirstProgram", "MyFirstProgram\MyFirstProgram.csproj", "{410F8744-CC31-4E82-A4B7-02A2E56CB21C}"
EndProject
Global
	GlobalSection(SolutionConfigurationPlatforms) = preSolution
		Debug|Any CPU = Debug|Any CPU
		Release|Any CPU = Release|Any CPU
	EndGlobalSection
	GlobalSection(ProjectConfigurationPlatforms) = postSolution
		{410F8744-CC31-4E82-A4B7-02A2E56CB21C}.Debug|Any CPU.ActiveCfg = Debug|Any CPU
		{410F8744-CC31-4E82-A4B7-02A2E56CB21C}.Debug|Any CPU.Build.0 = Debug|Any CPU
		{410F8744-CC31-4E82-A4B7-02A2E56CB21C}.Release|Any CPU.ActiveCfg = Release|Any CPU
		{410F8744-CC31-4E82-A4B7-02A2E56CB21C}.Release|Any CPU.Build.0 = Release|Any CPU
	EndGlobalSection
	GlobalSection(SolutionProperties) = preSolution
		HideSolutionNode = FALSE
	EndGlobalSection
	GlobalSection(ExtensibilityGlobals) = postSolution
		SolutionGuid = {3E4117CF-7B92-4B2F-8015-DBE8AA87B0A3}
	EndGlobalSection
EndGlobal
